{
  "name": "apple-design-skill",
  "version": "0.0.1",
  "lockfileVersion": 3,
  "requires": true,
  "packages": {
    "": {
      "name": "apple-design-skill",
      "version": "0.0.1",
      "license": "MIT",
      "bin": {
        "apple-design-skill": "bin/apple-design-skill.mjs"
      },
      "engines": {
        "node": ">=22"
      }
    }
  }
}
